// !$*UTF8*$!
{
	archiveVersion = 1;
	classes = {
	};
	objectVersion = 48;
	objects = {

/* Begin PBXBuildFile section */
		093E5ECB200ADDEF0054F462 /* AppDelegate.swift in Sources */ = {isa = PBXBuildFile; fileRef = 093E5ECA200ADDEF0054F462 /* AppDelegate.swift */; };
		093E5ECD200ADDEF0054F462 /* CategoriesVC.swift in Sources */ = {isa = PBXBuildFile; fileRef = 093E5ECC200ADDEF0054F462 /* CategoriesVC.swift */; };
		093E5ED0200ADDEF0054F462 /* Main.storyboard in Resources */ = {isa = PBXBuildFile; fileRef = 093E5ECE200ADDEF0054F462 /* Main.storyboard */; };
		093E5ED2200ADDEF0054F462 /* Assets.xcassets in Resources */ = {isa = PBXBuildFile; fileRef = 093E5ED1200ADDEF0054F462 /* Assets.xcassets */; };
		093E5ED5200ADDEF0054F462 /* LaunchScreen.storyboard in Resources */ = {isa = PBXBuildFile; fileRef = 093E5ED3200ADDEF0054F462 /* LaunchScreen.storyboard */; };
		093E5EE0200AE64C0054F462 /* CategoryCell.swift in Sources */ = {isa = PBXBuildFile; fileRef = 093E5EDF200AE64C0054F462 /* CategoryCell.swift */; };
/* End PBXBuildFile section */

/* Begin PBXFileReference section */
		093E5EC7200ADDEF0054F462 /* Online Store.app */ = {isa = PBXFileReference; explicitFileType = wrapper.application; includeInIndex = 0; path = "Online Store.app"; sourceTree = BUILT_PRODUCTS_DIR; };
		093E5ECA200ADDEF0054F462 /* AppDelegate.swift */ = {isa = PBXFileReference; lastKnownFileType = sourcecode.swift; path = AppDelegate.swift; sourceTree = "<group>"; };
		093E5ECC200ADDEF0054F462 /* CategoriesVC.swift */ = {isa = PBXFileReference; lastKnownFileType = sourcecode.swift; path = CategoriesVC.swift; sourceTree = "<group>"; };
		093E5ECF200ADDEF0054F462 /* Base */ = {isa = PBXFileReference; lastKnownFileType = file.storyboard; name = Base; path = Base.lproj/Main.storyboard; sourceTree = "<group>"; };
		093E5ED1200ADDEF0054F462 /* Assets.xcassets */ = {isa = PBXFileReference; lastKnownFileType = folder.assetcatalog; path = Assets.xcassets; sourceTree = "<group>"; };
		093E5ED4200ADDEF0054F462 /* Base */ = {isa = PBXFileReference; lastKnownFileType = file.storyboard; name = Base; path = Base.lproj/LaunchScreen.storyboard; sourceTree = "<group>"; };
		093E5ED6200ADDEF0054F462 /* Info.plist */ = {isa = PBXFileReference; lastKnownFileType = text.plist.xml; path = Info.plist; sourceTree = "<group>"; };
		093E5EDF200AE64C0054F462 /* CategoryCell.swift */ = {isa = PBXFileReference; lastKnownFileType = sourcecode.swift; path = CategoryCell.swift; sourceTree = "<group>"; };
/* End PBXFileReference section */

/* Begin PBXFrameworksBuildPhase section */
		093E5EC4200ADDEF0054F462 /* Frameworks */ = {
			isa = PBXFrameworksBuildPhase;
			buildActionMask = 2147483647;
			files = (
			);
			runOnlyForDeploymentPostprocessing = 0;
		};
/* End PBXFrameworksBuildPhase section */

/* Begin PBXGroup section */
		093E5EBE200ADDEF0054F462 = {
			isa = PBXGroup;
			children = (
				093E5EC9200ADDEF0054F462 /* Online Store */,
				093E5EC8200ADDEF0054F462 /* Products */,
			);
			sourceTree = "<group>";
		};
		093E5EC8200ADDEF0054F462 /* Products */ = {
			isa = PBXGroup;
			children = (
				093E5EC7200ADDEF0054F462 /* Online Store.app */,
			);
			name = Products;
			sourceTree = "<group>";
		};
		093E5EC9200ADDEF0054F462 /* Online Store */ = {
			isa = PBXGroup;
			children = (
				093E5EDE200AE5B20054F462 /* Views */,
				093E5EDD200AE5A90054F462 /* Model */,
				093E5EDC200AE5980054F462 /* Controller */,
				093E5ECA200ADDEF0054F462 /* AppDelegate.swift */,
				093E5ECE200ADDEF0054F462 /* Main.storyboard */,
				093E5ED1200ADDEF0054F462 /* Assets.xcassets */,
				093E5ED3200ADDEF0054F462 /* LaunchScreen.storyboard */,
				093E5ED6200ADDEF0054F462 /* Info.plist */,
			);
			path = "Online Store";
			sourceTree = "<group>";
		};
		093E5EDC200AE5980054F462 /* Controller */ = {
			isa = PBXGroup;
			children = (
				093E5ECC200ADDEF0054F462 /* CategoriesVC.swift */,
			);
			path = Controller;
			sourceTree = "<group>";
		};
		093E5EDD200AE5A90054F462 /* Model */ = {
			isa = PBXGroup;
			children = (
			);
			path = Model;
			sourceTree = "<group>";
		};
		093E5EDE200AE5B20054F462 /* Views */ = {
			isa = PBXGroup;
			children = (
				093E5EDF200AE64C0054F462 /* CategoryCell.swift */,
			);
			path = Views;
			sourceTree = "<group>";
		};
/* End PBXGroup section */

/* Begin PBXNativeTarget section */
		093E5EC6200ADDEF0054F462 /* Online Store */ = {
			isa = PBXNativeTarget;
			buildConfigurationList = 093E5ED9200ADDEF0054F462 /* Build configuration list for PBXNativeTarget "Online Store" */;
			buildPhases = (
				093E5EC3200ADDEF0054F462 /* Sources */,
				093E5EC4200ADDEF0054F462 /* Frameworks */,
				093E5EC5200ADDEF0054F462 /* Resources */,
			);
			buildRules = (
			);
			dependencies = (
			);
			name = "Online Store";
			productName = "Online Store";
			productReference = 093E5EC7200ADDEF0054F462 /* Online Store.app */;
			productType = "com.apple.product-type.application";
		};
/* End PBXNativeTarget section */

/* Begin PBXProject section */
		093E5EBF200ADDEF0054F462 /* Project object */ = {
			isa = PBXProject;
			attributes = {
				LastSwiftUpdateCheck = 0920;
				LastUpgradeCheck = 0920;
				ORGANIZATIONNAME = "Nathaniel Burciaga";
				TargetAttributes = {
					093E5EC6200ADDEF0054F462 = {
						CreatedOnToolsVersion = 9.2;
						ProvisioningStyle = Automatic;
					};
				};
			};
			buildConfigurationList = 093E5EC2200ADDEF0054F462 /* Build configuration list for PBXProject "Online Store" */;
			compatibilityVersion = "Xcode 8.0";
			developmentRegion = en;
			hasScannedForEncodings = 0;
			knownRegions = (
				en,
				Base,
			);
			mainGroup = 093E5EBE200ADDEF0054F462;
			productRefGroup = 093E5EC8200ADDEF0054F462 /* Products */;
			projectDirPath = "";
			projectRoot = "";
			targets = (
				093E5EC6200ADDEF0054F462 /* Online Store */,
			);
		};
/* End PBXProject section */

/* Begin PBXResourcesBuildPhase section */
		093E5EC5200ADDEF0054F462 /* Resources */ = {
			isa = PBXResourcesBuildPhase;
			buildActionMask = 2147483647;
			files = (
				093E5ED5200ADDEF0054F462 /* LaunchScreen.storyboard in Resources */,
				093E5ED2200ADDEF0054F462 /* Assets.xcassets in Resources */,
				093E5ED0200ADDEF0054F462 /* Main.storyboard in Resources */,
			);
			runOnlyForDeploymentPostprocessing = 0;
		};
/* End PBXResourcesBuildPhase section */

/* Begin PBXSourcesBuildPhase section */
		093E5EC3200ADDEF0054F462 /* Sources */ = {
			isa = PBXSourcesBuildPhase;
			buildActionMask = 2147483647;
			files = (
				093E5ECD200ADDEF0054F462 /* CategoriesVC.swift in Sources */,
				093E5ECB200ADDEF0054F462 /* AppDelegate.swift in Sources */,
				093E5EE0200AE64C0054F462 /* CategoryCell.swift in Sources */,
			);
			runOnlyForDeploymentPostprocessing = 0;
		};
/* End PBXSourcesBuildPhase section */

/* Begin PBXVariantGroup section */
		093E5ECE200ADDEF0054F462 /* Main.storyboard */ = {
			isa = PBXVariantGroup;
			children = (
				093E5ECF200ADDEF0054F462 /* Base */,
			);
			name = Main.storyboard;
			sourceTree = "<group>";
		};
		093E5ED3200ADDEF0054F462 /* LaunchScreen.storyboard */ = {
			isa = PBXVariantGroup;
			children = (
				093E5ED4200ADDEF0054F462 /* Base */,
			);
			name = LaunchScreen.storyboard;
			sourceTree = "<group>";
		};
/* End PBXVariantGroup section */

/* Begin XCBuildConfiguration section */
		093E5ED7200ADDEF0054F462 /* Debug */ = {
			isa = XCBuildConfiguration;
			buildSettings = {
				ALWAYS_SEARCH_USER_PATHS = NO;
				CLANG_ANALYZER_NONNULL = YES;
				CLANG_ANALYZER_NUMBER_OBJECT_CONVERSION = YES_AGGRESSIVE;
				CLANG_CXX_LANGUAGE_STANDARD = "gnu++14";
				CLANG_CXX_LIBRARY = "libc++";
				CLANG_ENABLE_MODULES = YES;
				CLANG_ENABLE_OBJC_ARC = YES;
				CLANG_WARN_BLOCK_CAPTURE_AUTORELEASING = YES;
				CLANG_WARN_BOOL_CONVERSION = YES;
				CLANG_WARN_COMMA = YES;
				CLANG_WARN_CONSTANT_CONVERSION = YES;
				CLANG_WARN_DIRECT_OBJC_ISA_USAGE = YES_ERROR;
				CLANG_WARN_DOCUMENTATION_COMMENTS = YES;
				CLANG_WARN_EMPTY_BODY = YES;
				CLANG_WARN_ENUM_CONVERSION = YES;
				CLANG_WARN_INFINITE_RECURSION = YES;
				CLANG_WARN_INT_CONVERSION = YES;
				CLANG_WARN_NON_LITERAL_NULL_CONVERSION = YES;
				CLANG_WARN_OBJC_LITERAL_CONVERSION = YES;
				CLANG_WARN_OBJC_ROOT_CLASS = YES_ERROR;
				CLANG_WARN_RANGE_LOOP_ANALYSIS = YES;
				CLANG_WARN_STRICT_PROTOTYPES = YES;
				CLANG_WARN_SUSPICIOUS_MOVE = YES;
				CLANG_WARN_UNGUARDED_AVAILABILITY = YES_AGGRESSIVE;
				CLANG_WARN_UNREACHABLE_CODE = YES;
				CLANG_WARN__DUPLICATE_METHOD_MATCH = YES;
				CODE_SIGN_IDENTITY = "iPhone Developer";
				COPY_PHASE_STRIP = NO;
				DEBUG_INFORMATION_FORMAT = dwarf;
				ENABLE_STRICT_OBJC_MSGSEND = YES;
				ENABLE_TESTABILITY = YES;
				GCC_C_LANGUAGE_STANDARD = gnu11;
				GCC_DYNAMIC_NO_PIC = NO;
				GCC_NO_COMMON_BLOCKS = YES;
				GCC_OPTIMIZATION_LEVEL = 0;
				GCC_PREPROCESSOR_DEFINITIONS = (
					"DEBUG=1",
					"$(inherited)",
				);
				GCC_WARN_64_TO_32_BIT_CONVERSION = YES;
				GCC_WARN_ABOUT_RETURN_TYPE = YES_ERROR;
				GCC_WARN_UNDECLARED_SELECTOR = YES;
				GCC_WARN_UNINITIALIZED_AUTOS = YES_AGGRESSIVE;
				GCC_WARN_UNUSED_FUNCTION = YES;
				GCC_WARN_UNUSED_VARIABLE = YES;
				IPHONEOS_DEPLOYMENT_TARGET = 11.2;
				MTL_ENABLE_DEBUG_INFO = YES;
				ONLY_ACTIVE_ARCH = YES;
				SDKROOT = iphoneos;
				SWIFT_ACTIVE_COMPILATION_CONDITIONS = DEBUG;
				SWIFT_OPTIMIZATION_LEVEL = "-Onone";
			};
			name = Debug;
		};
		093E5ED8200ADDEF0054F462 /* Release */ = {
			isa = XCBuildConfiguration;
			buildSettings = {
				ALWAYS_SEARCH_USER_PATHS = NO;
				CLANG_ANALYZER_NONNULL = YES;
				CLANG_ANALYZER_NUMBER_OBJECT_CONVERSION = YES_AGGRESSIVE;
				CLANG_CXX_LANGUAGE_STANDARD = "gnu++14";
				CLANG_CXX_LIBRARY = "libc++";
				CLANG_ENABLE_MODULES = YES;
				CLANG_ENABLE_OBJC_ARC = YES;
				CLANG_WARN_BLOCK_CAPTURE_AUTORELEASING = YES;
				CLANG_WARN_BOOL_CONVERSION = YES;
				CLANG_WARN_COMMA = YES;
				CLANG_WARN_CONSTANT_CONVERSION = YES;
				CLANG_WARN_DIRECT_OBJC_ISA_USAGE = YES_ERROR;
				CLANG_WARN_DOCUMENTATION_COMMENTS = YES;
				CLANG_WARN_EMPTY_BODY = YES;
				CLANG_WARN_ENUM_CONVERSION = YES;
				CLANG_WARN_INFINITE_RECURSION = YES;
				CLANG_WARN_INT_CONVERSION = YES;
				CLANG_WARN_NON_LITERAL_NULL_CONVERSION = YES;
				CLANG_WARN_OBJC_LITERAL_CONVERSION = YES;
				CLANG_WARN_OBJC_ROOT_CLASS = YES_ERROR;
				CLANG_WARN_RANGE_LOOP_ANALYSIS = YES;
				CLANG_WARN_STRICT_PROTOTYPES = YES;
				CLANG_WARN_SUSPICIOUS_MOVE = YES;
				CLANG_WARN_UNGUARDED_AVAILABILITY = YES_AGGRESSIVE;
				CLANG_WARN_UNREACHABLE_CODE = YES;
				CLANG_WARN__DUPLICATE_METHOD_MATCH = YES;
				CODE_SIGN_IDENTITY = "iPhone Developer";
				COPY_PHASE_STRIP = NO;
				DEBUG_INFORMATION_FORMAT = "dwarf-with-dsym";
				ENABLE_NS_ASSERTIONS = NO;
				ENABLE_STRICT_OBJC_MSGSEND = YES;
				GCC_C_LANGUAGE_STANDARD = gnu11;
				GCC_NO_COMMON_BLOCKS = YES;
				GCC_WARN_64_TO_32_BIT_CONVERSION = YES;
				GCC_WARN_ABOUT_RETURN_TYPE = YES_ERROR;
				GCC_WARN_UNDECLARED_SELECTOR = YES;
				GCC_WARN_UNINITIALIZED_AUTOS = YES_AGGRESSIVE;
				GCC_WARN_UNUSED_FUNCTION = YES;
				GCC_WARN_UNUSED_VARIABLE = YES;
				IPHONEOS_DEPLOYMENT_TARGET = 11.2;
				MTL_ENABLE_DEBUG_INFO = NO;
				SDKROOT = iphoneos;
				SWIFT_OPTIMIZATION_LEVEL = "-Owholemodule";
				VALIDATE_PRODUCT = YES;
			};
			name = Release;
		};
		093E5EDA200ADDEF0054F462 /* Debug */ = {
			isa = XCBuildConfiguration;
			buildSettings = {
				ASSETCATALOG_COMPILER_APPICON_NAME = AppIcon;
				CODE_SIGN_STYLE = Automatic;
				DEVELOPMENT_TEAM = 8T79JY7T2V;
				INFOPLIST_FILE = "Online Store/Info.plist";
				LD_RUNPATH_SEARCH_PATHS = "$(inherited) @executable_path/Frameworks";
				PRODUCT_BUNDLE_IDENTIFIER = "NWBDev.Online-Store";
				PRODUCT_NAME = "$(TARGET_NAME)";
				SWIFT_VERSION = 4.0;
				TARGETED_DEVICE_FAMILY = "1,2";
			};
			name = Debug;
		};
		093E5EDB200ADDEF0054F462 /* Release */ = {
			isa = XCBuildConfiguration;
			buildSettings = {
				ASSETCATALOG_COMPILER_APPICON_NAME = AppIcon;
				CODE_SIGN_STYLE = Automatic;
				DEVELOPMENT_TEAM = 8T79JY7T2V;
				INFOPLIST_FILE = "Online Store/Info.plist";
				LD_RUNPATH_SEARCH_PATHS = "$(inherited) @executable_path/Frameworks";
				PRODUCT_BUNDLE_IDENTIFIER = "NWBDev.Online-Store";
				PRODUCT_NAME = "$(TARGET_NAME)";
				SWIFT_VERSION = 4.0;
				TARGETED_DEVICE_FAMILY = "1,2";
			};
			name = Release;
		};
/* End XCBuildConfiguration section */

/* Begin XCConfigurationList section */
		093E5EC2200ADDEF0054F462 /* Build configuration list for PBXProject "Online Store" */ = {
			isa = XCConfigurationList;
			buildConfigurations = (
				093E5ED7200ADDEF0054F462 /* Debug */,
				093E5ED8200ADDEF0054F462 /* Release */,
			);
			defaultConfigurationIsVisible = 0;
			defaultConfigurationName = Release;
		};
		093E5ED9200ADDEF0054F462 /* Build configuration list for PBXNativeTarget "Online Store" */ = {
			isa = XCConfigurationList;
			buildConfigurations = (
				093E5EDA200ADDEF0054F462 /* Debug */,
				093E5EDB200ADDEF0054F462 /* Release */,
			);
			defaultConfigurationIsVisible = 0;
			defaultConfigurationName = Release;
		};
/* End XCConfigurationList section */
	};
	rootObject = 093E5EBF200ADDEF0054F462 /* Project object */;
}
